
Microsoft Visual Studio Solution File, Format Version 12.00
# 
Project("{FAE04EC0-301F-11D3-BF4B-00C04F79EFBC}") = "SecurityHeadersDoctor", "SecurityHeadersDoctor\SecurityHeadersDoctor.csproj", "{9C157DB1-50EC-4E07-ACC8-D9C6DE4B68ED}"
EndProject
Project("{FAE04EC0-301F-11D3-BF4B-00C04F79EFBC}") = "SecurityHeadersDoctor.Tests", "SecurityHeadersDoctor.Tests\SecurityHeadersDoctor.Tests.csproj", "{C4255C50-5717-4ADA-8C63-55EA85498B9D}"
EndProject
Global
	GlobalSection(SolutionConfigurationPlatforms) = preSolution
		Debug|Any CPU = Debug|Any CPU
		Release|Any CPU = Release|Any CPU
	EndGlobalSection
	GlobalSection(ProjectConfigurationPlatforms) = postSolution
		{9C157DB1-50EC-4E07-ACC8-D9C6DE4B68ED}.Debug|Any CPU.ActiveCfg = Debug|Any CPU
		{9C157DB1-50EC-4E07-ACC8-D9C6DE4B68ED}.Debug|Any CPU.Build.0 = Debug|Any CPU
		{9C157DB1-50EC-4E07-ACC8-D9C6DE4B68ED}.Release|Any CPU.ActiveCfg = Release|Any CPU
		{9C157DB1-50EC-4E07-ACC8-D9C6DE4B68ED}.Release|Any CPU.Build.0 = Release|Any CPU
		{C4255C50-5717-4ADA-8C63-55EA85498B9D}.Debug|Any CPU.ActiveCfg = Debug|Any CPU
		{C4255C50-5717-4ADA-8C63-55EA85498B9D}.Debug|Any CPU.Build.0 = Debug|Any CPU
		{C4255C50-5717-4ADA-8C63-55EA85498B9D}.Release|Any CPU.ActiveCfg = Release|Any CPU
		{C4255C50-5717-4ADA-8C63-55EA85498B9D}.Release|Any CPU.Build.0 = Release|Any CPU
	EndGlobalSection
EndGlobal
